
Microsoft Visual Studio Solution File, Format Version 12.00
# Visual Studio 15
VisualStudioVersion = 15.0.27428.2037
MinimumVisualStudioVersion = 10.0.40219.1
Project("{9A19103F-16F7-4668-BE54-9A1E7A4F7556}") = "Xerxes.P2P", "Xerxes.P2P\Xerxes.P2P.csproj", "{7D209B55-89B5-4D4D-BDA8-ADB25A35C8A5}"
EndProject
Project("{FAE04EC0-301F-11D3-BF4B-00C04F79EFBC}") = "Xerxes.Utilities", "Xerxes.Utilities\Xerxes.Utilities.csproj", "{42A0C7F3-5FA4-4159-9E75-4F1F72BD029B}"
EndProject
Project("{9A19103F-16F7-4668-BE54-9A1E7A4F7556}") = "NBitcoin", "..\StratisBitcoinFullNode\src\NBitcoin\NBitcoin.csproj", "{54957C40-CA2F-45C8-91EE-66143057DE82}"
EndProject
Global
	GlobalSection(SolutionConfigurationPlatforms) = preSolution
		Debug|Any CPU = Debug|Any CPU
		Release|Any CPU = Release|Any CPU
	EndGlobalSection
	GlobalSection(ProjectConfigurationPlatforms) = postSolution
		{7D209B55-89B5-4D4D-BDA8-ADB25A35C8A5}.Debug|Any CPU.ActiveCfg = Debug|Any CPU
		{7D209B55-89B5-4D4D-BDA8-ADB25A35C8A5}.Debug|Any CPU.Build.0 = Debug|Any CPU
		{7D209B55-89B5-4D4D-BDA8-ADB25A35C8A5}.Release|Any CPU.ActiveCfg = Release|Any CPU
		{7D209B55-89B5-4D4D-BDA8-ADB25A35C8A5}.Release|Any CPU.Build.0 = Release|Any CPU
		{42A0C7F3-5FA4-4159-9E75-4F1F72BD029B}.Debug|Any CPU.ActiveCfg = Debug|Any CPU
		{42A0C7F3-5FA4-4159-9E75-4F1F72BD029B}.Debug|Any CPU.Build.0 = Debug|Any CPU
		{42A0C7F3-5FA4-4159-9E75-4F1F72BD029B}.Release|Any CPU.ActiveCfg = Release|Any CPU
		{42A0C7F3-5FA4-4159-9E75-4F1F72BD029B}.Release|Any CPU.Build.0 = Release|Any CPU
		{54957C40-CA2F-45C8-91EE-66143057DE82}.Debug|Any CPU.ActiveCfg = Debug|Any CPU
		{54957C40-CA2F-45C8-91EE-66143057DE82}.Debug|Any CPU.Build.0 = Debug|Any CPU
		{54957C40-CA2F-45C8-91EE-66143057DE82}.Release|Any CPU.ActiveCfg = Release|Any CPU
		{54957C40-CA2F-45C8-91EE-66143057DE82}.Release|Any CPU.Build.0 = Release|Any CPU
	EndGlobalSection
	GlobalSection(SolutionProperties) = preSolution
		HideSolutionNode = FALSE
	EndGlobalSection
	GlobalSection(ExtensibilityGlobals) = postSolution
		SolutionGuid = {9D5FFC43-7DED-4B9F-AE0C-58519FA98297}
	EndGlobalSection
EndGlobal
