Microsoft Visual Studio Solution File, Format Version 12.00
# Visual Studio 15
VisualStudioVersion = 15.0.27428.2037
MinimumVisualStudioVersion = 10.0.40219.1
Project("{9A19103F-16F7-4668-BE54-9A1E7A4F7556}") = "Xerxes.P2P", "Xerxes.P2P\Xerxes.P2P.csproj", "{6D74DB8F-9092-4A5D-9408-D7A457816BAC}"
EndProject
Project("{9A19103F-16F7-4668-BE54-9A1E7A4F7556}") = "Xerxes.Driver", "Xerxes.Driver\Xerxes.Driver.csproj", "{38C63F72-6360-4D7D-AFE9-7E7DD79A635E}"
EndProject
Project("{9A19103F-16F7-4668-BE54-9A1E7A4F7556}") = "Xerxes.Utils", "Xerxes.Utils\Xerxes.Utils.csproj", "{53D02F53-55A8-42F5-A350-76E0F5677B78}"
EndProject
Project("{9A19103F-16F7-4668-BE54-9A1E7A4F7556}") = "Xerxes.TCP", "Xerxes.TCP\Xerxes.TCP.csproj", "{5648799B-09BF-49B1-92E0-5CB214FB1BA6}"
EndProject
Project("{9A19103F-16F7-4668-BE54-9A1E7A4F7556}") = "Xerxes.Domain", "Xerxes.Domain\Xerxes.Domain.csproj", "{05E817E1-A1A8-42AE-A8CB-497A5BD3D0D2}"
EndProject
Project("{9A19103F-16F7-4668-BE54-9A1E7A4F7556}") = "Xerxes.TestNode", "Xerxes.TestNode\Xerxes.TestNode.csproj", "{9131B7A0-EC5A-4F4A-95ED-32FE2DAB589F}"
EndProject
Project("{9A19103F-16F7-4668-BE54-9A1E7A4F7556}") = "Xerxes.BlockDriver", "Xerxes.BlockDriver\Xerxes.BlockDriver.csproj", "{0F5D6F0C-D8C0-474C-BD76-A0FEC8851343}"
EndProject
Project("{FAE04EC0-301F-11D3-BF4B-00C04F79EFBC}") = "Xerxes.TestNodeWeb", "Xerxes.TestNodeWeb\Xerxes.TestNodeWeb.csproj", "{BFD4F05A-16AC-4946-AA25-65EB872770D9}"
EndProject
Global
	GlobalSection(SolutionConfigurationPlatforms) = preSolution
		Debug|Any CPU = Debug|Any CPU
		Debug|x64 = Debug|x64
		Debug|x86 = Debug|x86
		Release|Any CPU = Release|Any CPU
		Release|x64 = Release|x64
		Release|x86 = Release|x86
	EndGlobalSection
	GlobalSection(ProjectConfigurationPlatforms) = postSolution
		{6D74DB8F-9092-4A5D-9408-D7A457816BAC}.Debug|Any CPU.ActiveCfg = Debug|Any CPU
		{6D74DB8F-9092-4A5D-9408-D7A457816BAC}.Debug|Any CPU.Build.0 = Debug|Any CPU
		{6D74DB8F-9092-4A5D-9408-D7A457816BAC}.Debug|x64.ActiveCfg = Debug|Any CPU
		{6D74DB8F-9092-4A5D-9408-D7A457816BAC}.Debug|x64.Build.0 = Debug|Any CPU
		{6D74DB8F-9092-4A5D-9408-D7A457816BAC}.Debug|x86.ActiveCfg = Debug|Any CPU
		{6D74DB8F-9092-4A5D-9408-D7A457816BAC}.Debug|x86.Build.0 = Debug|Any CPU
		{6D74DB8F-9092-4A5D-9408-D7A457816BAC}.Release|Any CPU.ActiveCfg = Release|Any CPU
		{6D74DB8F-9092-4A5D-9408-D7A457816BAC}.Release|Any CPU.Build.0 = Release|Any CPU
		{6D74DB8F-9092-4A5D-9408-D7A457816BAC}.Release|x64.ActiveCfg = Release|Any CPU
		{6D74DB8F-9092-4A5D-9408-D7A457816BAC}.Release|x64.Build.0 = Release|Any CPU
		{6D74DB8F-9092-4A5D-9408-D7A457816BAC}.Release|x86.ActiveCfg = Release|Any CPU
		{6D74DB8F-9092-4A5D-9408-D7A457816BAC}.Release|x86.Build.0 = Release|Any CPU
		{38C63F72-6360-4D7D-AFE9-7E7DD79A635E}.Debug|Any CPU.ActiveCfg = Debug|Any CPU
		{38C63F72-6360-4D7D-AFE9-7E7DD79A635E}.Debug|Any CPU.Build.0 = Debug|Any CPU
		{38C63F72-6360-4D7D-AFE9-7E7DD79A635E}.Debug|x64.ActiveCfg = Debug|Any CPU
		{38C63F72-6360-4D7D-AFE9-7E7DD79A635E}.Debug|x64.Build.0 = Debug|Any CPU
		{38C63F72-6360-4D7D-AFE9-7E7DD79A635E}.Debug|x86.ActiveCfg = Debug|Any CPU
		{38C63F72-6360-4D7D-AFE9-7E7DD79A635E}.Debug|x86.Build.0 = Debug|Any CPU
		{38C63F72-6360-4D7D-AFE9-7E7DD79A635E}.Release|Any CPU.ActiveCfg = Release|Any CPU
		{38C63F72-6360-4D7D-AFE9-7E7DD79A635E}.Release|Any CPU.Build.0 = Release|Any CPU
		{38C63F72-6360-4D7D-AFE9-7E7DD79A635E}.Release|x64.ActiveCfg = Release|Any CPU
		{38C63F72-6360-4D7D-AFE9-7E7DD79A635E}.Release|x64.Build.0 = Release|Any CPU
		{38C63F72-6360-4D7D-AFE9-7E7DD79A635E}.Release|x86.ActiveCfg = Release|Any CPU
		{38C63F72-6360-4D7D-AFE9-7E7DD79A635E}.Release|x86.Build.0 = Release|Any CPU
		{53D02F53-55A8-42F5-A350-76E0F5677B78}.Debug|Any CPU.ActiveCfg = Debug|Any CPU
		{53D02F53-55A8-42F5-A350-76E0F5677B78}.Debug|Any CPU.Build.0 = Debug|Any CPU
		{53D02F53-55A8-42F5-A350-76E0F5677B78}.Debug|x64.ActiveCfg = Debug|Any CPU
		{53D02F53-55A8-42F5-A350-76E0F5677B78}.Debug|x64.Build.0 = Debug|Any CPU
		{53D02F53-55A8-42F5-A350-76E0F5677B78}.Debug|x86.ActiveCfg = Debug|Any CPU
		{53D02F53-55A8-42F5-A350-76E0F5677B78}.Debug|x86.Build.0 = Debug|Any CPU
		{53D02F53-55A8-42F5-A350-76E0F5677B78}.Release|Any CPU.ActiveCfg = Release|Any CPU
		{53D02F53-55A8-42F5-A350-76E0F5677B78}.Release|Any CPU.Build.0 = Release|Any CPU
		{53D02F53-55A8-42F5-A350-76E0F5677B78}.Release|x64.ActiveCfg = Release|Any CPU
		{53D02F53-55A8-42F5-A350-76E0F5677B78}.Release|x64.Build.0 = Release|Any CPU
		{53D02F53-55A8-42F5-A350-76E0F5677B78}.Release|x86.ActiveCfg = Release|Any CPU
		{53D02F53-55A8-42F5-A350-76E0F5677B78}.Release|x86.Build.0 = Release|Any CPU
		{5648799B-09BF-49B1-92E0-5CB214FB1BA6}.Debug|Any CPU.ActiveCfg = Debug|Any CPU
		{5648799B-09BF-49B1-92E0-5CB214FB1BA6}.Debug|Any CPU.Build.0 = Debug|Any CPU
		{5648799B-09BF-49B1-92E0-5CB214FB1BA6}.Debug|x64.ActiveCfg = Debug|Any CPU
		{5648799B-09BF-49B1-92E0-5CB214FB1BA6}.Debug|x64.Build.0 = Debug|Any CPU
		{5648799B-09BF-49B1-92E0-5CB214FB1BA6}.Debug|x86.ActiveCfg = Debug|Any CPU
		{5648799B-09BF-49B1-92E0-5CB214FB1BA6}.Debug|x86.Build.0 = Debug|Any CPU
		{5648799B-09BF-49B1-92E0-5CB214FB1BA6}.Release|Any CPU.ActiveCfg = Release|Any CPU
		{5648799B-09BF-49B1-92E0-5CB214FB1BA6}.Release|Any CPU.Build.0 = Release|Any CPU
		{5648799B-09BF-49B1-92E0-5CB214FB1BA6}.Release|x64.ActiveCfg = Release|Any CPU
		{5648799B-09BF-49B1-92E0-5CB214FB1BA6}.Release|x64.Build.0 = Release|Any CPU
		{5648799B-09BF-49B1-92E0-5CB214FB1BA6}.Release|x86.ActiveCfg = Release|Any CPU
		{5648799B-09BF-49B1-92E0-5CB214FB1BA6}.Release|x86.Build.0 = Release|Any CPU
		{05E817E1-A1A8-42AE-A8CB-497A5BD3D0D2}.Debug|Any CPU.ActiveCfg = Debug|Any CPU
		{05E817E1-A1A8-42AE-A8CB-497A5BD3D0D2}.Debug|Any CPU.Build.0 = Debug|Any CPU
		{05E817E1-A1A8-42AE-A8CB-497A5BD3D0D2}.Debug|x64.ActiveCfg = Debug|Any CPU
		{05E817E1-A1A8-42AE-A8CB-497A5BD3D0D2}.Debug|x64.Build.0 = Debug|Any CPU
		{05E817E1-A1A8-42AE-A8CB-497A5BD3D0D2}.Debug|x86.ActiveCfg = Debug|Any CPU
		{05E817E1-A1A8-42AE-A8CB-497A5BD3D0D2}.Debug|x86.Build.0 = Debug|Any CPU
		{05E817E1-A1A8-42AE-A8CB-497A5BD3D0D2}.Release|Any CPU.ActiveCfg = Release|Any CPU
		{05E817E1-A1A8-42AE-A8CB-497A5BD3D0D2}.Release|Any CPU.Build.0 = Release|Any CPU
		{05E817E1-A1A8-42AE-A8CB-497A5BD3D0D2}.Release|x64.ActiveCfg = Release|Any CPU
		{05E817E1-A1A8-42AE-A8CB-497A5BD3D0D2}.Release|x64.Build.0 = Release|Any CPU
		{05E817E1-A1A8-42AE-A8CB-497A5BD3D0D2}.Release|x86.ActiveCfg = Release|Any CPU
		{05E817E1-A1A8-42AE-A8CB-497A5BD3D0D2}.Release|x86.Build.0 = Release|Any CPU
		{9131B7A0-EC5A-4F4A-95ED-32FE2DAB589F}.Debug|Any CPU.ActiveCfg = Debug|Any CPU
		{9131B7A0-EC5A-4F4A-95ED-32FE2DAB589F}.Debug|Any CPU.Build.0 = Debug|Any CPU
		{9131B7A0-EC5A-4F4A-95ED-32FE2DAB589F}.Debug|x64.ActiveCfg = Debug|Any CPU
		{9131B7A0-EC5A-4F4A-95ED-32FE2DAB589F}.Debug|x64.Build.0 = Debug|Any CPU
		{9131B7A0-EC5A-4F4A-95ED-32FE2DAB589F}.Debug|x86.ActiveCfg = Debug|Any CPU
		{9131B7A0-EC5A-4F4A-95ED-32FE2DAB589F}.Debug|x86.Build.0 = Debug|Any CPU
		{9131B7A0-EC5A-4F4A-95ED-32FE2DAB589F}.Release|Any CPU.ActiveCfg = Release|Any CPU
		{9131B7A0-EC5A-4F4A-95ED-32FE2DAB589F}.Release|Any CPU.Build.0 = Release|Any CPU
		{9131B7A0-EC5A-4F4A-95ED-32FE2DAB589F}.Release|x64.ActiveCfg = Release|Any CPU
		{9131B7A0-EC5A-4F4A-95ED-32FE2DAB589F}.Release|x64.Build.0 = Release|Any CPU
		{9131B7A0-EC5A-4F4A-95ED-32FE2DAB589F}.Release|x86.ActiveCfg = Release|Any CPU
		{9131B7A0-EC5A-4F4A-95ED-32FE2DAB589F}.Release|x86.Build.0 = Release|Any CPU
		{0F5D6F0C-D8C0-474C-BD76-A0FEC8851343}.Debug|Any CPU.ActiveCfg = Debug|Any CPU
		{0F5D6F0C-D8C0-474C-BD76-A0FEC8851343}.Debug|Any CPU.Build.0 = Debug|Any CPU
		{0F5D6F0C-D8C0-474C-BD76-A0FEC8851343}.Debug|x64.ActiveCfg = Debug|Any CPU
		{0F5D6F0C-D8C0-474C-BD76-A0FEC8851343}.Debug|x64.Build.0 = Debug|Any CPU
		{0F5D6F0C-D8C0-474C-BD76-A0FEC8851343}.Debug|x86.ActiveCfg = Debug|Any CPU
		{0F5D6F0C-D8C0-474C-BD76-A0FEC8851343}.Debug|x86.Build.0 = Debug|Any CPU
		{0F5D6F0C-D8C0-474C-BD76-A0FEC8851343}.Release|Any CPU.ActiveCfg = Release|Any CPU
		{0F5D6F0C-D8C0-474C-BD76-A0FEC8851343}.Release|Any CPU.Build.0 = Release|Any CPU
		{0F5D6F0C-D8C0-474C-BD76-A0FEC8851343}.Release|x64.ActiveCfg = Release|Any CPU
		{0F5D6F0C-D8C0-474C-BD76-A0FEC8851343}.Release|x64.Build.0 = Release|Any CPU
		{0F5D6F0C-D8C0-474C-BD76-A0FEC8851343}.Release|x86.ActiveCfg = Release|Any CPU
		{0F5D6F0C-D8C0-474C-BD76-A0FEC8851343}.Release|x86.Build.0 = Release|Any CPU
		{BFD4F05A-16AC-4946-AA25-65EB872770D9}.Debug|Any CPU.ActiveCfg = Debug|Any CPU
		{BFD4F05A-16AC-4946-AA25-65EB872770D9}.Debug|Any CPU.Build.0 = Debug|Any CPU
		{BFD4F05A-16AC-4946-AA25-65EB872770D9}.Debug|x64.ActiveCfg = Debug|Any CPU
		{BFD4F05A-16AC-4946-AA25-65EB872770D9}.Debug|x64.Build.0 = Debug|Any CPU
		{BFD4F05A-16AC-4946-AA25-65EB872770D9}.Debug|x86.ActiveCfg = Debug|Any CPU
		{BFD4F05A-16AC-4946-AA25-65EB872770D9}.Debug|x86.Build.0 = Debug|Any CPU
		{BFD4F05A-16AC-4946-AA25-65EB872770D9}.Release|Any CPU.ActiveCfg = Release|Any CPU
		{BFD4F05A-16AC-4946-AA25-65EB872770D9}.Release|Any CPU.Build.0 = Release|Any CPU
		{BFD4F05A-16AC-4946-AA25-65EB872770D9}.Release|x64.ActiveCfg = Release|Any CPU
		{BFD4F05A-16AC-4946-AA25-65EB872770D9}.Release|x64.Build.0 = Release|Any CPU
		{BFD4F05A-16AC-4946-AA25-65EB872770D9}.Release|x86.ActiveCfg = Release|Any CPU
		{BFD4F05A-16AC-4946-AA25-65EB872770D9}.Release|x86.Build.0 = Release|Any CPU
	EndGlobalSection
	GlobalSection(SolutionProperties) = preSolution
		HideSolutionNode = FALSE
	EndGlobalSection
	GlobalSection(ExtensibilityGlobals) = postSolution
		SolutionGuid = {9D5FFC43-7DED-4B9F-AE0C-58519FA98297}
	EndGlobalSection
EndGlobal
